
Microsoft Visual Studio Solution File, Format Version 12.00
# Visual Studio 2012
Project("{FAE04EC0-301F-11D3-BF4B-00C04F79EFBC}") = "LecturesDroid", "LecturesDroid\LecturesDroid.csproj", "{AC262AE8-A598-4862-85EB-C0D859563647}"
EndProject
Global
	GlobalSection(SolutionConfigurationPlatforms) = preSolution
		Debug|Any CPU = Debug|Any CPU
		Release|Any CPU = Release|Any CPU
	EndGlobalSection
	GlobalSection(ProjectConfigurationPlatforms) = postSolution
		{AC262AE8-A598-4862-85EB-C0D859563647}.Debug|Any CPU.ActiveCfg = Debug|Any CPU
		{AC262AE8-A598-4862-85EB-C0D859563647}.Debug|Any CPU.Build.0 = Debug|Any CPU
		{AC262AE8-A598-4862-85EB-C0D859563647}.Release|Any CPU.ActiveCfg = Release|Any CPU
		{AC262AE8-A598-4862-85EB-C0D859563647}.Release|Any CPU.Build.0 = Release|Any CPU
	EndGlobalSection
	GlobalSection(MonoDevelopProperties) = preSolution
		StartupItem = LecturesDroid\LecturesDroid.csproj
	EndGlobalSection
EndGlobal
